// !$*UTF8*$!
{
	archiveVersion = 1;
	classes = {
	};
	objectVersion = 56;
	objects = {

/* Begin PBXBuildFile section */
		5219F65E2B8EAB5D00BDCB89 /* AppDelegate.swift in Sources */ = {isa = PBXBuildFile; fileRef = 5219F65D2B8EAB5D00BDCB89 /* AppDelegate.swift */; };
		5219F6602B8EAB5D00BDCB89 /* SceneDelegate.swift in Sources */ = {isa = PBXBuildFile; fileRef = 5219F65F2B8EAB5D00BDCB89 /* SceneDelegate.swift */; };
		5219F6622B8EAB5D00BDCB89 /* ViewController.swift in Sources */ = {isa = PBXBuildFile; fileRef = 5219F6612B8EAB5D00BDCB89 /* ViewController.swift */; };
		5219F6652B8EAB5D00BDCB89 /* Main.storyboard in Resources */ = {isa = PBXBuildFile; fileRef = 5219F6632B8EAB5D00BDCB89 /* Main.storyboard */; };
		5219F6672B8EAB5D00BDCB89 /* Assets.xcassets in Resources */ = {isa = PBXBuildFile; fileRef = 5219F6662B8EAB5D00BDCB89 /* Assets.xcassets */; };
		5219F66A2B8EAB5D00BDCB89 /* LaunchScreen.storyboard in Resources */ = {isa = PBXBuildFile; fileRef = 5219F6682B8EAB5D00BDCB89 /* LaunchScreen.storyboard */; };
		5239B16D2B94205F00BBE31B /* CalculateViewController.swift in Sources */ = {isa = PBXBuildFile; fileRef = 5239B16C2B94205F00BBE31B /* CalculateViewController.swift */; };
		5269DF4F2B96D0A500C22772 /* MyWorkViewController.swift in Sources */ = {isa = PBXBuildFile; fileRef = 5269DF4E2B96D0A500C22772 /* MyWorkViewController.swift */; };
		5269DF512B96D3B200C22772 /* Lab2ViewController.swift in Sources */ = {isa = PBXBuildFile; fileRef = 5269DF502B96D3B200C22772 /* Lab2ViewController.swift */; };
		52DBCFC72B92F33C00547CCF /* FormulaViewController.swift in Sources */ = {isa = PBXBuildFile; fileRef = 52DBCFC62B92F33C00547CCF /* FormulaViewController.swift */; };
/* End PBXBuildFile section */

/* Begin PBXFileReference section */
		5219F65A2B8EAB5D00BDCB89 /* Prachi_Trivedi_MT_8955448.app */ = {isa = PBXFileReference; explicitFileType = wrapper.application; includeInIndex = 0; path = Prachi_Trivedi_MT_8955448.app; sourceTree = BUILT_PRODUCTS_DIR; };
		5219F65D2B8EAB5D00BDCB89 /* AppDelegate.swift */ = {isa = PBXFileReference; lastKnownFileType = sourcecode.swift; path = AppDelegate.swift; sourceTree = "<group>"; };
		5219F65F2B8EAB5D00BDCB89 /* SceneDelegate.swift */ = {isa = PBXFileReference; lastKnownFileType = sourcecode.swift; path = SceneDelegate.swift; sourceTree = "<group>"; };
		5219F6612B8EAB5D00BDCB89 /* ViewController.swift */ = {isa = PBXFileReference; lastKnownFileType = sourcecode.swift; path = ViewController.swift; sourceTree = "<group>"; };
		5219F6642B8EAB5D00BDCB89 /* Base */ = {isa = PBXFileReference; lastKnownFileType = file.storyboard; name = Base; path = Base.lproj/Main.storyboard; sourceTree = "<group>"; };
		5219F6662B8EAB5D00BDCB89 /* Assets.xcassets */ = {isa = PBXFileReference; lastKnownFileType = folder.assetcatalog; path = Assets.xcassets; sourceTree = "<group>"; };
		5219F6692B8EAB5D00BDCB89 /* Base */ = {isa = PBXFileReference; lastKnownFileType = file.storyboard; name = Base; path = Base.lproj/LaunchScreen.storyboard; sourceTree = "<group>"; };
		5219F66B2B8EAB5D00BDCB89 /* Info.plist */ = {isa = PBXFileReference; lastKnownFileType = text.plist.xml; path = Info.plist; sourceTree = "<group>"; };
		5239B16C2B94205F00BBE31B /* CalculateViewController.swift */ = {isa = PBXFileReference; lastKnownFileType = sourcecode.swift; path = CalculateViewController.swift; sourceTree = "<group>"; };
		5269DF4E2B96D0A500C22772 /* MyWorkViewController.swift */ = {isa = PBXFileReference; lastKnownFileType = sourcecode.swift; path = MyWorkViewController.swift; sourceTree = "<group>"; };
		5269DF502B96D3B200C22772 /* Lab2ViewController.swift */ = {isa = PBXFileReference; lastKnownFileType = sourcecode.swift; path = Lab2ViewController.swift; sourceTree = "<group>"; };
		52DBCFC62B92F33C00547CCF /* FormulaViewController.swift */ = {isa = PBXFileReference; lastKnownFileType = sourcecode.swift; path = FormulaViewController.swift; sourceTree = "<group>"; };
/* End PBXFileReference section */

/* Begin PBXFrameworksBuildPhase section */
		5219F6572B8EAB5D00BDCB89 /* Frameworks */ = {
			isa = PBXFrameworksBuildPhase;
			buildActionMask = 2147483647;
			files = (
			);
			runOnlyForDeploymentPostprocessing = 0;
		};
/* End PBXFrameworksBuildPhase section */

/* Begin PBXGroup section */
		5219F6512B8EAB5D00BDCB89 = {
			isa = PBXGroup;
			children = (
				5219F65C2B8EAB5D00BDCB89 /* Prachi_Trivedi_MT_8955448 */,
				5219F65B2B8EAB5D00BDCB89 /* Products */,
			);
			sourceTree = "<group>";
		};
		5219F65B2B8EAB5D00BDCB89 /* Products */ = {
			isa = PBXGroup;
			children = (
				5219F65A2B8EAB5D00BDCB89 /* Prachi_Trivedi_MT_8955448.app */,
			);
			name = Products;
			sourceTree = "<group>";
		};
		5219F65C2B8EAB5D00BDCB89 /* Prachi_Trivedi_MT_8955448 */ = {
			isa = PBXGroup;
			children = (
				5219F65D2B8EAB5D00BDCB89 /* AppDelegate.swift */,
				5219F65F2B8EAB5D00BDCB89 /* SceneDelegate.swift */,
				5219F6612B8EAB5D00BDCB89 /* ViewController.swift */,
				5219F6632B8EAB5D00BDCB89 /* Main.storyboard */,
				5269DF4E2B96D0A500C22772 /* MyWorkViewController.swift */,
				5219F6662B8EAB5D00BDCB89 /* Assets.xcassets */,
				5219F6682B8EAB5D00BDCB89 /* LaunchScreen.storyboard */,
				5219F66B2B8EAB5D00BDCB89 /* Info.plist */,
				52DBCFC62B92F33C00547CCF /* FormulaViewController.swift */,
				5239B16C2B94205F00BBE31B /* CalculateViewController.swift */,
				5269DF502B96D3B200C22772 /* Lab2ViewController.swift */,
			);
			path = Prachi_Trivedi_MT_8955448;
			sourceTree = "<group>";
		};
/* End PBXGroup section */

/* Begin PBXNativeTarget section */
		5219F6592B8EAB5D00BDCB89 /* Prachi_Trivedi_MT_8955448 */ = {
			isa = PBXNativeTarget;
			buildConfigurationList = 5219F66E2B8EAB5D00BDCB89 /* Build configuration list for PBXNativeTarget "Prachi_Trivedi_MT_8955448" */;
			buildPhases = (
				5219F6562B8EAB5D00BDCB89 /* Sources */,
				5219F6572B8EAB5D00BDCB89 /* Frameworks */,
				5219F6582B8EAB5D00BDCB89 /* Resources */,
			);
			buildRules = (
			);
			dependencies = (
			);
			name = Prachi_Trivedi_MT_8955448;
			productName = Prachi_Trivedi_MT_8955448;
			productReference = 5219F65A2B8EAB5D00BDCB89 /* Prachi_Trivedi_MT_8955448.app */;
			productType = "com.apple.product-type.application";
		};
/* End PBXNativeTarget section */

/* Begin PBXProject section */
		5219F6522B8EAB5D00BDCB89 /* Project object */ = {
			isa = PBXProject;
			attributes = {
				BuildIndependentTargetsInParallel = 1;
				LastSwiftUpdateCheck = 1420;
				LastUpgradeCheck = 1420;
				TargetAttributes = {
					5219F6592B8EAB5D00BDCB89 = {
						CreatedOnToolsVersion = 14.2;
					};
				};
			};
			buildConfigurationList = 5219F6552B8EAB5D00BDCB89 /* Build configuration list for PBXProject "Prachi_Trivedi_MT_8955448" */;
			compatibilityVersion = "Xcode 14.0";
			developmentRegion = en;
			hasScannedForEncodings = 0;
			knownRegions = (
				en,
				Base,
			);
			mainGroup = 5219F6512B8EAB5D00BDCB89;
			productRefGroup = 5219F65B2B8EAB5D00BDCB89 /* Products */;
			projectDirPath = "";
			projectRoot = "";
			targets = (
				5219F6592B8EAB5D00BDCB89 /* Prachi_Trivedi_MT_8955448 */,
			);
		};
/* End PBXProject section */

/* Begin PBXResourcesBuildPhase section */
		5219F6582B8EAB5D00BDCB89 /* Resources */ = {
			isa = PBXResourcesBuildPhase;
			buildActionMask = 2147483647;
			files = (
				5219F66A2B8EAB5D00BDCB89 /* LaunchScreen.storyboard in Resources */,
				5219F6672B8EAB5D00BDCB89 /* Assets.xcassets in Resources */,
				5219F6652B8EAB5D00BDCB89 /* Main.storyboard in Resources */,
			);
			runOnlyForDeploymentPostprocessing = 0;
		};
/* End PBXResourcesBuildPhase section */

/* Begin PBXSourcesBuildPhase section */
		5219F6562B8EAB5D00BDCB89 /* Sources */ = {
			isa = PBXSourcesBuildPhase;
			buildActionMask = 2147483647;
			files = (
				5269DF4F2B96D0A500C22772 /* MyWorkViewController.swift in Sources */,
				5269DF512B96D3B200C22772 /* Lab2ViewController.swift in Sources */,
				52DBCFC72B92F33C00547CCF /* FormulaViewController.swift in Sources */,
				5219F6622B8EAB5D00BDCB89 /* ViewController.swift in Sources */,
				5219F65E2B8EAB5D00BDCB89 /* AppDelegate.swift in Sources */,
				5219F6602B8EAB5D00BDCB89 /* SceneDelegate.swift in Sources */,
				5239B16D2B94205F00BBE31B /* CalculateViewController.swift in Sources */,
			);
			runOnlyForDeploymentPostprocessing = 0;
		};
/* End PBXSourcesBuildPhase section */

/* Begin PBXVariantGroup section */
		5219F6632B8EAB5D00BDCB89 /* Main.storyboard */ = {
			isa = PBXVariantGroup;
			children = (
				5219F6642B8EAB5D00BDCB89 /* Base */,
			);
			name = Main.storyboard;
			sourceTree = "<group>";
		};
		5219F6682B8EAB5D00BDCB89 /* LaunchScreen.storyboard */ = {
			isa = PBXVariantGroup;
			children = (
				5219F6692B8EAB5D00BDCB89 /* Base */,
			);
			name = LaunchScreen.storyboard;
			sourceTree = "<group>";
		};
/* End PBXVariantGroup section */

/* Begin XCBuildConfiguration section */
		5219F66C2B8EAB5D00BDCB89 /* Debug */ = {
			isa = XCBuildConfiguration;
			buildSettings = {
				ALWAYS_SEARCH_USER_PATHS = NO;
				CLANG_ANALYZER_NONNULL = YES;
				CLANG_ANALYZER_NUMBER_OBJECT_CONVERSION = YES_AGGRESSIVE;
				CLANG_CXX_LANGUAGE_STANDARD = "gnu++20";
				CLANG_ENABLE_MODULES = YES;
				CLANG_ENABLE_OBJC_ARC = YES;
				CLANG_ENABLE_OBJC_WEAK = YES;
				CLANG_WARN_BLOCK_CAPTURE_AUTORELEASING = YES;
				CLANG_WARN_BOOL_CONVERSION = YES;
				CLANG_WARN_COMMA = YES;
				CLANG_WARN_CONSTANT_CONVERSION = YES;
				CLANG_WARN_DEPRECATED_OBJC_IMPLEMENTATIONS = YES;
				CLANG_WARN_DIRECT_OBJC_ISA_USAGE = YES_ERROR;
				CLANG_WARN_DOCUMENTATION_COMMENTS = YES;
				CLANG_WARN_EMPTY_BODY = YES;
				CLANG_WARN_ENUM_CONVERSION = YES;
				CLANG_WARN_INFINITE_RECURSION = YES;
				CLANG_WARN_INT_CONVERSION = YES;
				CLANG_WARN_NON_LITERAL_NULL_CONVERSION = YES;
				CLANG_WARN_OBJC_IMPLICIT_RETAIN_SELF = YES;
				CLANG_WARN_OBJC_LITERAL_CONVERSION = YES;
				CLANG_WARN_OBJC_ROOT_CLASS = YES_ERROR;
				CLANG_WARN_QUOTED_INCLUDE_IN_FRAMEWORK_HEADER = YES;
				CLANG_WARN_RANGE_LOOP_ANALYSIS = YES;
				CLANG_WARN_STRICT_PROTOTYPES = YES;
				CLANG_WARN_SUSPICIOUS_MOVE = YES;
				CLANG_WARN_UNGUARDED_AVAILABILITY = YES_AGGRESSIVE;
				CLANG_WARN_UNREACHABLE_CODE = YES;
				CLANG_WARN__DUPLICATE_METHOD_MATCH = YES;
				COPY_PHASE_STRIP = NO;
				DEBUG_INFORMATION_FORMAT = dwarf;
				ENABLE_STRICT_OBJC_MSGSEND = YES;
				ENABLE_TESTABILITY = YES;
				GCC_C_LANGUAGE_STANDARD = gnu11;
				GCC_DYNAMIC_NO_PIC = NO;
				GCC_NO_COMMON_BLOCKS = YES;
				GCC_OPTIMIZATION_LEVEL = 0;
				GCC_PREPROCESSOR_DEFINITIONS = (
					"DEBUG=1",
					"$(inherited)",
				);
				GCC_WARN_64_TO_32_BIT_CONVERSION = YES;
				GCC_WARN_ABOUT_RETURN_TYPE = YES_ERROR;
				GCC_WARN_UNDECLARED_SELECTOR = YES;
				GCC_WARN_UNINITIALIZED_AUTOS = YES_AGGRESSIVE;
				GCC_WARN_UNUSED_FUNCTION = YES;
				GCC_WARN_UNUSED_VARIABLE = YES;
				IPHONEOS_DEPLOYMENT_TARGET = 16.2;
				MTL_ENABLE_DEBUG_INFO = INCLUDE_SOURCE;
				MTL_FAST_MATH = YES;
				ONLY_ACTIVE_ARCH = YES;
				SDKROOT = iphoneos;
				SWIFT_ACTIVE_COMPILATION_CONDITIONS = DEBUG;
				SWIFT_OPTIMIZATION_LEVEL = "-Onone";
			};
			name = Debug;
		};
		5219F66D2B8EAB5D00BDCB89 /* Release */ = {
			isa = XCBuildConfiguration;
			buildSettings = {
				ALWAYS_SEARCH_USER_PATHS = NO;
				CLANG_ANALYZER_NONNULL = YES;
				CLANG_ANALYZER_NUMBER_OBJECT_CONVERSION = YES_AGGRESSIVE;
				CLANG_CXX_LANGUAGE_STANDARD = "gnu++20";
				CLANG_ENABLE_MODULES = YES;
				CLANG_ENABLE_OBJC_ARC = YES;
				CLANG_ENABLE_OBJC_WEAK = YES;
				CLANG_WARN_BLOCK_CAPTURE_AUTORELEASING = YES;
				CLANG_WARN_BOOL_CONVERSION = YES;
				CLANG_WARN_COMMA = YES;
				CLANG_WARN_CONSTANT_CONVERSION = YES;
				CLANG_WARN_DEPRECATED_OBJC_IMPLEMENTATIONS = YES;
				CLANG_WARN_DIRECT_OBJC_ISA_USAGE = YES_ERROR;
				CLANG_WARN_DOCUMENTATION_COMMENTS = YES;
				CLANG_WARN_EMPTY_BODY = YES;
				CLANG_WARN_ENUM_CONVERSION = YES;
				CLANG_WARN_INFINITE_RECURSION = YES;
				CLANG_WARN_INT_CONVERSION = YES;
				CLANG_WARN_NON_LITERAL_NULL_CONVERSION = YES;
				CLANG_WARN_OBJC_IMPLICIT_RETAIN_SELF = YES;
				CLANG_WARN_OBJC_LITERAL_CONVERSION = YES;
				CLANG_WARN_OBJC_ROOT_CLASS = YES_ERROR;
				CLANG_WARN_QUOTED_INCLUDE_IN_FRAMEWORK_HEADER = YES;
				CLANG_WARN_RANGE_LOOP_ANALYSIS = YES;
				CLANG_WARN_STRICT_PROTOTYPES = YES;
				CLANG_WARN_SUSPICIOUS_MOVE = YES;
				CLANG_WARN_UNGUARDED_AVAILABILITY = YES_AGGRESSIVE;
				CLANG_WARN_UNREACHABLE_CODE = YES;
				CLANG_WARN__DUPLICATE_METHOD_MATCH = YES;
				COPY_PHASE_STRIP = NO;
				DEBUG_INFORMATION_FORMAT = "dwarf-with-dsym";
				ENABLE_NS_ASSERTIONS = NO;
				ENABLE_STRICT_OBJC_MSGSEND = YES;
				GCC_C_LANGUAGE_STANDARD = gnu11;
				GCC_NO_COMMON_BLOCKS = YES;
				GCC_WARN_64_TO_32_BIT_CONVERSION = YES;
				GCC_WARN_ABOUT_RETURN_TYPE = YES_ERROR;
				GCC_WARN_UNDECLARED_SELECTOR = YES;
				GCC_WARN_UNINITIALIZED_AUTOS = YES_AGGRESSIVE;
				GCC_WARN_UNUSED_FUNCTION = YES;
				GCC_WARN_UNUSED_VARIABLE = YES;
				IPHONEOS_DEPLOYMENT_TARGET = 16.2;
				MTL_ENABLE_DEBUG_INFO = NO;
				MTL_FAST_MATH = YES;
				SDKROOT = iphoneos;
				SWIFT_COMPILATION_MODE = wholemodule;
				SWIFT_OPTIMIZATION_LEVEL = "-O";
				VALIDATE_PRODUCT = YES;
			};
			name = Release;
		};
		5219F66F2B8EAB5D00BDCB89 /* Debug */ = {
			isa = XCBuildConfiguration;
			buildSettings = {
				ASSETCATALOG_COMPILER_APPICON_NAME = AppIcon;
				ASSETCATALOG_COMPILER_GLOBAL_ACCENT_COLOR_NAME = AccentColor;
				CODE_SIGN_STYLE = Automatic;
				CURRENT_PROJECT_VERSION = 1;
				GENERATE_INFOPLIST_FILE = YES;
				INFOPLIST_FILE = Prachi_Trivedi_MT_8955448/Info.plist;
				INFOPLIST_KEY_UIApplicationSupportsIndirectInputEvents = YES;
				INFOPLIST_KEY_UILaunchStoryboardName = LaunchScreen;
				INFOPLIST_KEY_UIMainStoryboardFile = Main;
				INFOPLIST_KEY_UISupportedInterfaceOrientations = UIInterfaceOrientationPortrait;
				LD_RUNPATH_SEARCH_PATHS = (
					"$(inherited)",
					"@executable_path/Frameworks",
				);
				MARKETING_VERSION = 1.0;
				PRODUCT_BUNDLE_IDENTIFIER = "com.conestoga.demoOne.Prachi-Trivedi-MT-8955448";
				PRODUCT_NAME = "$(TARGET_NAME)";
				SWIFT_EMIT_LOC_STRINGS = YES;
				SWIFT_VERSION = 5.0;
				TARGETED_DEVICE_FAMILY = "1,2";
			};
			name = Debug;
		};
		5219F6702B8EAB5D00BDCB89 /* Release */ = {
			isa = XCBuildConfiguration;
			buildSettings = {
				ASSETCATALOG_COMPILER_APPICON_NAME = AppIcon;
				ASSETCATALOG_COMPILER_GLOBAL_ACCENT_COLOR_NAME = AccentColor;
				CODE_SIGN_STYLE = Automatic;
				CURRENT_PROJECT_VERSION = 1;
				GENERATE_INFOPLIST_FILE = YES;
				INFOPLIST_FILE = Prachi_Trivedi_MT_8955448/Info.plist;
				INFOPLIST_KEY_UIApplicationSupportsIndirectInputEvents = YES;
				INFOPLIST_KEY_UILaunchStoryboardName = LaunchScreen;
				INFOPLIST_KEY_UIMainStoryboardFile = Main;
				INFOPLIST_KEY_UISupportedInterfaceOrientations = UIInterfaceOrientationPortrait;
				LD_RUNPATH_SEARCH_PATHS = (
					"$(inherited)",
					"@executable_path/Frameworks",
				);
				MARKETING_VERSION = 1.0;
				PRODUCT_BUNDLE_IDENTIFIER = "com.conestoga.demoOne.Prachi-Trivedi-MT-8955448";
				PRODUCT_NAME = "$(TARGET_NAME)";
				SWIFT_EMIT_LOC_STRINGS = YES;
				SWIFT_VERSION = 5.0;
				TARGETED_DEVICE_FAMILY = "1,2";
			};
			name = Release;
		};
/* End XCBuildConfiguration section */

/* Begin XCConfigurationList section */
		5219F6552B8EAB5D00BDCB89 /* Build configuration list for PBXProject "Prachi_Trivedi_MT_8955448" */ = {
			isa = XCConfigurationList;
			buildConfigurations = (
				5219F66C2B8EAB5D00BDCB89 /* Debug */,
				5219F66D2B8EAB5D00BDCB89 /* Release */,
			);
			defaultConfigurationIsVisible = 0;
			defaultConfigurationName = Release;
		};
		5219F66E2B8EAB5D00BDCB89 /* Build configuration list for PBXNativeTarget "Prachi_Trivedi_MT_8955448" */ = {
			isa = XCConfigurationList;
			buildConfigurations = (
				5219F66F2B8EAB5D00BDCB89 /* Debug */,
				5219F6702B8EAB5D00BDCB89 /* Release */,
			);
			defaultConfigurationIsVisible = 0;
			defaultConfigurationName = Release;
		};
/* End XCConfigurationList section */
	};
	rootObject = 5219F6522B8EAB5D00BDCB89 /* Project object */;
}
